
Microsoft Visual Studio Solution File, Format Version 11.00
# Visual Studio 2010
Project("{FAE04EC0-301F-11D3-BF4B-00C04F79EFBC}") = "nGantt", "nGantt\nGantt.csproj", "{CCC54F28-5D20-4AB3-A1A8-C62CD2DA3AE7}"
EndProject
Project("{FAE04EC0-301F-11D3-BF4B-00C04F79EFBC}") = "GanttDemo", "GanttDemo\GanttDemo.csproj", "{ED1B2A9D-A8AA-4720-8803-3FB36B4DD419}"
EndProject
Project("{2150E333-8FDC-42A3-9474-1A3956D46DE8}") = "Doc", "Doc", "{85999C04-3909-49A7-A9AD-14E4BCC35FA5}"
	ProjectSection(SolutionItems) = preProject
		README.md = README.md
	EndProjectSection
EndProject
Global
	GlobalSection(SolutionConfigurationPlatforms) = preSolution
		Debug|Any CPU = Debug|Any CPU
		Debug|Mixed Platforms = Debug|Mixed Platforms
		Debug|x86 = Debug|x86
		Release|Any CPU = Release|Any CPU
		Release|Mixed Platforms = Release|Mixed Platforms
		Release|x86 = Release|x86
	EndGlobalSection
	GlobalSection(ProjectConfigurationPlatforms) = postSolution
		{CCC54F28-5D20-4AB3-A1A8-C62CD2DA3AE7}.Debug|Any CPU.ActiveCfg = Debug|Any CPU
		{CCC54F28-5D20-4AB3-A1A8-C62CD2DA3AE7}.Debug|Any CPU.Build.0 = Debug|Any CPU
		{CCC54F28-5D20-4AB3-A1A8-C62CD2DA3AE7}.Debug|Mixed Platforms.ActiveCfg = Debug|Any CPU
		{CCC54F28-5D20-4AB3-A1A8-C62CD2DA3AE7}.Debug|Mixed Platforms.Build.0 = Debug|Any CPU
		{CCC54F28-5D20-4AB3-A1A8-C62CD2DA3AE7}.Debug|x86.ActiveCfg = Debug|Any CPU
		{CCC54F28-5D20-4AB3-A1A8-C62CD2DA3AE7}.Release|Any CPU.ActiveCfg = Release|Any CPU
		{CCC54F28-5D20-4AB3-A1A8-C62CD2DA3AE7}.Release|Any CPU.Build.0 = Release|Any CPU
		{CCC54F28-5D20-4AB3-A1A8-C62CD2DA3AE7}.Release|Mixed Platforms.ActiveCfg = Release|Any CPU
		{CCC54F28-5D20-4AB3-A1A8-C62CD2DA3AE7}.Release|Mixed Platforms.Build.0 = Release|Any CPU
		{CCC54F28-5D20-4AB3-A1A8-C62CD2DA3AE7}.Release|x86.ActiveCfg = Release|Any CPU
		{ED1B2A9D-A8AA-4720-8803-3FB36B4DD419}.Debug|Any CPU.ActiveCfg = Debug|x86
		{ED1B2A9D-A8AA-4720-8803-3FB36B4DD419}.Debug|Mixed Platforms.ActiveCfg = Debug|x86
		{ED1B2A9D-A8AA-4720-8803-3FB36B4DD419}.Debug|Mixed Platforms.Build.0 = Debug|x86
		{ED1B2A9D-A8AA-4720-8803-3FB36B4DD419}.Debug|x86.ActiveCfg = Debug|x86
		{ED1B2A9D-A8AA-4720-8803-3FB36B4DD419}.Debug|x86.Build.0 = Debug|x86
		{ED1B2A9D-A8AA-4720-8803-3FB36B4DD419}.Release|Any CPU.ActiveCfg = Release|x86
		{ED1B2A9D-A8AA-4720-8803-3FB36B4DD419}.Release|Mixed Platforms.ActiveCfg = Release|x86
		{ED1B2A9D-A8AA-4720-8803-3FB36B4DD419}.Release|Mixed Platforms.Build.0 = Release|x86
		{ED1B2A9D-A8AA-4720-8803-3FB36B4DD419}.Release|x86.ActiveCfg = Release|x86
		{ED1B2A9D-A8AA-4720-8803-3FB36B4DD419}.Release|x86.Build.0 = Release|x86
	EndGlobalSection
	GlobalSection(SolutionProperties) = preSolution
		HideSolutionNode = FALSE
	EndGlobalSection
EndGlobal
